// !$*UTF8*$!
{
	archiveVersion = 1;
	classes = {
	};
	objectVersion = 46;
	objects = {

/* Begin PBXBuildFile section */
		2F21D2761EB9DC26000E0412 /* main.m in Sources */ = {isa = PBXBuildFile; fileRef = 2F21D2751EB9DC26000E0412 /* main.m */; };
		2F21D2791EB9DC26000E0412 /* AppDelegate.m in Sources */ = {isa = PBXBuildFile; fileRef = 2F21D2781EB9DC26000E0412 /* AppDelegate.m */; };
		2F21D27C1EB9DC26000E0412 /* ViewController.m in Sources */ = {isa = PBXBuildFile; fileRef = 2F21D27B1EB9DC26000E0412 /* ViewController.m */; };
		2F21D27F1EB9DC26000E0412 /* Main.storyboard in Resources */ = {isa = PBXBuildFile; fileRef = 2F21D27D1EB9DC26000E0412 /* Main.storyboard */; };
		2F21D2811EB9DC26000E0412 /* Assets.xcassets in Resources */ = {isa = PBXBuildFile; fileRef = 2F21D2801EB9DC26000E0412 /* Assets.xcassets */; };
		2F21D2841EB9DC26000E0412 /* LaunchScreen.storyboard in Resources */ = {isa = PBXBuildFile; fileRef = 2F21D2821EB9DC26000E0412 /* LaunchScreen.storyboard */; };
		2F21D28F1EB9DC26000E0412 /* OrganizeStructureTests.m in Sources */ = {isa = PBXBuildFile; fileRef = 2F21D28E1EB9DC26000E0412 /* OrganizeStructureTests.m */; };
		2F21D29A1EB9DC26000E0412 /* OrganizeStructureUITests.m in Sources */ = {isa = PBXBuildFile; fileRef = 2F21D2991EB9DC26000E0412 /* OrganizeStructureUITests.m */; };
/* End PBXBuildFile section */

/* Begin PBXContainerItemProxy section */
		2F21D28B1EB9DC26000E0412 /* PBXContainerItemProxy */ = {
			isa = PBXContainerItemProxy;
			containerPortal = 2F21D2691EB9DC26000E0412 /* Project object */;
			proxyType = 1;
			remoteGlobalIDString = 2F21D2701EB9DC26000E0412;
			remoteInfo = OrganizeStructure;
		};
		2F21D2961EB9DC26000E0412 /* PBXContainerItemProxy */ = {
			isa = PBXContainerItemProxy;
			containerPortal = 2F21D2691EB9DC26000E0412 /* Project object */;
			proxyType = 1;
			remoteGlobalIDString = 2F21D2701EB9DC26000E0412;
			remoteInfo = OrganizeStructure;
		};
/* End PBXContainerItemProxy section */

/* Begin PBXFileReference section */
		2F21D2711EB9DC26000E0412 /* OrganizeStructure.app */ = {isa = PBXFileReference; explicitFileType = wrapper.application; includeInIndex = 0; path = OrganizeStructure.app; sourceTree = BUILT_PRODUCTS_DIR; };
		2F21D2751EB9DC26000E0412 /* main.m */ = {isa = PBXFileReference; lastKnownFileType = sourcecode.c.objc; path = main.m; sourceTree = "<group>"; };
		2F21D2771EB9DC26000E0412 /* AppDelegate.h */ = {isa = PBXFileReference; lastKnownFileType = sourcecode.c.h; path = AppDelegate.h; sourceTree = "<group>"; };
		2F21D2781EB9DC26000E0412 /* AppDelegate.m */ = {isa = PBXFileReference; lastKnownFileType = sourcecode.c.objc; path = AppDelegate.m; sourceTree = "<group>"; };
		2F21D27A1EB9DC26000E0412 /* ViewController.h */ = {isa = PBXFileReference; lastKnownFileType = sourcecode.c.h; path = ViewController.h; sourceTree = "<group>"; };
		2F21D27B1EB9DC26000E0412 /* ViewController.m */ = {isa = PBXFileReference; lastKnownFileType = sourcecode.c.objc; path = ViewController.m; sourceTree = "<group>"; };
		2F21D27E1EB9DC26000E0412 /* Base */ = {isa = PBXFileReference; lastKnownFileType = file.storyboard; name = Base; path = Base.lproj/Main.storyboard; sourceTree = "<group>"; };
		2F21D2801EB9DC26000E0412 /* Assets.xcassets */ = {isa = PBXFileReference; lastKnownFileType = folder.assetcatalog; path = Assets.xcassets; sourceTree = "<group>"; };
		2F21D2831EB9DC26000E0412 /* Base */ = {isa = PBXFileReference; lastKnownFileType = file.storyboard; name = Base; path = Base.lproj/LaunchScreen.storyboard; sourceTree = "<group>"; };
		2F21D2851EB9DC26000E0412 /* Info.plist */ = {isa = PBXFileReference; lastKnownFileType = text.plist.xml; path = Info.plist; sourceTree = "<group>"; };
		2F21D28A1EB9DC26000E0412 /* OrganizeStructureTests.xctest */ = {isa = PBXFileReference; explicitFileType = wrapper.cfbundle; includeInIndex = 0; path = OrganizeStructureTests.xctest; sourceTree = BUILT_PRODUCTS_DIR; };
		2F21D28E1EB9DC26000E0412 /* OrganizeStructureTests.m */ = {isa = PBXFileReference; lastKnownFileType = sourcecode.c.objc; path = OrganizeStructureTests.m; sourceTree = "<group>"; };
		2F21D2901EB9DC26000E0412 /* Info.plist */ = {isa = PBXFileReference; lastKnownFileType = text.plist.xml; path = Info.plist; sourceTree = "<group>"; };
		2F21D2951EB9DC26000E0412 /* OrganizeStructureUITests.xctest */ = {isa = PBXFileReference; explicitFileType = wrapper.cfbundle; includeInIndex = 0; path = OrganizeStructureUITests.xctest; sourceTree = BUILT_PRODUCTS_DIR; };
		2F21D2991EB9DC26000E0412 /* OrganizeStructureUITests.m */ = {isa = PBXFileReference; lastKnownFileType = sourcecode.c.objc; path = OrganizeStructureUITests.m; sourceTree = "<group>"; };
		2F21D29B1EB9DC26000E0412 /* Info.plist */ = {isa = PBXFileReference; lastKnownFileType = text.plist.xml; path = Info.plist; sourceTree = "<group>"; };
/* End PBXFileReference section */

/* Begin PBXFrameworksBuildPhase section */
		2F21D26E1EB9DC26000E0412 /* Frameworks */ = {
			isa = PBXFrameworksBuildPhase;
			buildActionMask = 2147483647;
			files = (
			);
			runOnlyForDeploymentPostprocessing = 0;
		};
		2F21D2871EB9DC26000E0412 /* Frameworks */ = {
			isa = PBXFrameworksBuildPhase;
			buildActionMask = 2147483647;
			files = (
			);
			runOnlyForDeploymentPostprocessing = 0;
		};
		2F21D2921EB9DC26000E0412 /* Frameworks */ = {
			isa = PBXFrameworksBuildPhase;
			buildActionMask = 2147483647;
			files = (
			);
			runOnlyForDeploymentPostprocessing = 0;
		};
/* End PBXFrameworksBuildPhase section */

/* Begin PBXGroup section */
		2F21D2681EB9DC26000E0412 = {
			isa = PBXGroup;
			children = (
				2F21D2731EB9DC26000E0412 /* OrganizeStructure */,
				2F21D28D1EB9DC26000E0412 /* OrganizeStructureTests */,
				2F21D2981EB9DC26000E0412 /* OrganizeStructureUITests */,
				2F21D2721EB9DC26000E0412 /* Products */,
			);
			sourceTree = "<group>";
		};
		2F21D2721EB9DC26000E0412 /* Products */ = {
			isa = PBXGroup;
			children = (
				2F21D2711EB9DC26000E0412 /* OrganizeStructure.app */,
				2F21D28A1EB9DC26000E0412 /* OrganizeStructureTests.xctest */,
				2F21D2951EB9DC26000E0412 /* OrganizeStructureUITests.xctest */,
			);
			name = Products;
			sourceTree = "<group>";
		};
		2F21D2731EB9DC26000E0412 /* OrganizeStructure */ = {
			isa = PBXGroup;
			children = (
				2F21D2771EB9DC26000E0412 /* AppDelegate.h */,
				2F21D2781EB9DC26000E0412 /* AppDelegate.m */,
				2F21D27A1EB9DC26000E0412 /* ViewController.h */,
				2F21D27B1EB9DC26000E0412 /* ViewController.m */,
				2F21D27D1EB9DC26000E0412 /* Main.storyboard */,
				2F21D2801EB9DC26000E0412 /* Assets.xcassets */,
				2F21D2821EB9DC26000E0412 /* LaunchScreen.storyboard */,
				2F21D2851EB9DC26000E0412 /* Info.plist */,
				2F21D2741EB9DC26000E0412 /* Supporting Files */,
			);
			path = OrganizeStructure;
			sourceTree = "<group>";
		};
		2F21D2741EB9DC26000E0412 /* Supporting Files */ = {
			isa = PBXGroup;
			children = (
				2F21D2751EB9DC26000E0412 /* main.m */,
			);
			name = "Supporting Files";
			sourceTree = "<group>";
		};
		2F21D28D1EB9DC26000E0412 /* OrganizeStructureTests */ = {
			isa = PBXGroup;
			children = (
				2F21D28E1EB9DC26000E0412 /* OrganizeStructureTests.m */,
				2F21D2901EB9DC26000E0412 /* Info.plist */,
			);
			path = OrganizeStructureTests;
			sourceTree = "<group>";
		};
		2F21D2981EB9DC26000E0412 /* OrganizeStructureUITests */ = {
			isa = PBXGroup;
			children = (
				2F21D2991EB9DC26000E0412 /* OrganizeStructureUITests.m */,
				2F21D29B1EB9DC26000E0412 /* Info.plist */,
			);
			path = OrganizeStructureUITests;
			sourceTree = "<group>";
		};
/* End PBXGroup section */

/* Begin PBXNativeTarget section */
		2F21D2701EB9DC26000E0412 /* OrganizeStructure */ = {
			isa = PBXNativeTarget;
			buildConfigurationList = 2F21D29E1EB9DC26000E0412 /* Build configuration list for PBXNativeTarget "OrganizeStructure" */;
			buildPhases = (
				2F21D26D1EB9DC26000E0412 /* Sources */,
				2F21D26E1EB9DC26000E0412 /* Frameworks */,
				2F21D26F1EB9DC26000E0412 /* Resources */,
			);
			buildRules = (
			);
			dependencies = (
			);
			name = OrganizeStructure;
			productName = OrganizeStructure;
			productReference = 2F21D2711EB9DC26000E0412 /* OrganizeStructure.app */;
			productType = "com.apple.product-type.application";
		};
		2F21D2891EB9DC26000E0412 /* OrganizeStructureTests */ = {
			isa = PBXNativeTarget;
			buildConfigurationList = 2F21D2A11EB9DC26000E0412 /* Build configuration list for PBXNativeTarget "OrganizeStructureTests" */;
			buildPhases = (
				2F21D2861EB9DC26000E0412 /* Sources */,
				2F21D2871EB9DC26000E0412 /* Frameworks */,
				2F21D2881EB9DC26000E0412 /* Resources */,
			);
			buildRules = (
			);
			dependencies = (
				2F21D28C1EB9DC26000E0412 /* PBXTargetDependency */,
			);
			name = OrganizeStructureTests;
			productName = OrganizeStructureTests;
			productReference = 2F21D28A1EB9DC26000E0412 /* OrganizeStructureTests.xctest */;
			productType = "com.apple.product-type.bundle.unit-test";
		};
		2F21D2941EB9DC26000E0412 /* OrganizeStructureUITests */ = {
			isa = PBXNativeTarget;
			buildConfigurationList = 2F21D2A41EB9DC26000E0412 /* Build configuration list for PBXNativeTarget "OrganizeStructureUITests" */;
			buildPhases = (
				2F21D2911EB9DC26000E0412 /* Sources */,
				2F21D2921EB9DC26000E0412 /* Frameworks */,
				2F21D2931EB9DC26000E0412 /* Resources */,
			);
			buildRules = (
			);
			dependencies = (
				2F21D2971EB9DC26000E0412 /* PBXTargetDependency */,
			);
			name = OrganizeStructureUITests;
			productName = OrganizeStructureUITests;
			productReference = 2F21D2951EB9DC26000E0412 /* OrganizeStructureUITests.xctest */;
			productType = "com.apple.product-type.bundle.ui-testing";
		};
/* End PBXNativeTarget section */

/* Begin PBXProject section */
		2F21D2691EB9DC26000E0412 /* Project object */ = {
			isa = PBXProject;
			attributes = {
				LastUpgradeCheck = 0830;
				ORGANIZATIONNAME = 666gps;
				TargetAttributes = {
					2F21D2701EB9DC26000E0412 = {
						CreatedOnToolsVersion = 8.3.2;
						DevelopmentTeam = 6BQ4Q66M66;
						ProvisioningStyle = Automatic;
					};
					2F21D2891EB9DC26000E0412 = {
						CreatedOnToolsVersion = 8.3.2;
						DevelopmentTeam = 6BQ4Q66M66;
						ProvisioningStyle = Automatic;
						TestTargetID = 2F21D2701EB9DC26000E0412;
					};
					2F21D2941EB9DC26000E0412 = {
						CreatedOnToolsVersion = 8.3.2;
						DevelopmentTeam = 6BQ4Q66M66;
						ProvisioningStyle = Automatic;
						TestTargetID = 2F21D2701EB9DC26000E0412;
					};
				};
			};
			buildConfigurationList = 2F21D26C1EB9DC26000E0412 /* Build configuration list for PBXProject "OrganizeStructure" */;
			compatibilityVersion = "Xcode 3.2";
			developmentRegion = English;
			hasScannedForEncodings = 0;
			knownRegions = (
				en,
				Base,
			);
			mainGroup = 2F21D2681EB9DC26000E0412;
			productRefGroup = 2F21D2721EB9DC26000E0412 /* Products */;
			projectDirPath = "";
			projectRoot = "";
			targets = (
				2F21D2701EB9DC26000E0412 /* OrganizeStructure */,
				2F21D2891EB9DC26000E0412 /* OrganizeStructureTests */,
				2F21D2941EB9DC26000E0412 /* OrganizeStructureUITests */,
			);
		};
/* End PBXProject section */

/* Begin PBXResourcesBuildPhase section */
		2F21D26F1EB9DC26000E0412 /* Resources */ = {
			isa = PBXResourcesBuildPhase;
			buildActionMask = 2147483647;
			files = (
				2F21D2841EB9DC26000E0412 /* LaunchScreen.storyboard in Resources */,
				2F21D2811EB9DC26000E0412 /* Assets.xcassets in Resources */,
				2F21D27F1EB9DC26000E0412 /* Main.storyboard in Resources */,
			);
			runOnlyForDeploymentPostprocessing = 0;
		};
		2F21D2881EB9DC26000E0412 /* Resources */ = {
			isa = PBXResourcesBuildPhase;
			buildActionMask = 2147483647;
			files = (
			);
			runOnlyForDeploymentPostprocessing = 0;
		};
		2F21D2931EB9DC26000E0412 /* Resources */ = {
			isa = PBXResourcesBuildPhase;
			buildActionMask = 2147483647;
			files = (
			);
			runOnlyForDeploymentPostprocessing = 0;
		};
/* End PBXResourcesBuildPhase section */

/* Begin PBXSourcesBuildPhase section */
		2F21D26D1EB9DC26000E0412 /* Sources */ = {
			isa = PBXSourcesBuildPhase;
			buildActionMask = 2147483647;
			files = (
				2F21D27C1EB9DC26000E0412 /* ViewController.m in Sources */,
				2F21D2791EB9DC26000E0412 /* AppDelegate.m in Sources */,
				2F21D2761EB9DC26000E0412 /* main.m in Sources */,
			);
			runOnlyForDeploymentPostprocessing = 0;
		};
		2F21D2861EB9DC26000E0412 /* Sources */ = {
			isa = PBXSourcesBuildPhase;
			buildActionMask = 2147483647;
			files = (
				2F21D28F1EB9DC26000E0412 /* OrganizeStructureTests.m in Sources */,
			);
			runOnlyForDeploymentPostprocessing = 0;
		};
		2F21D2911EB9DC26000E0412 /* Sources */ = {
			isa = PBXSourcesBuildPhase;
			buildActionMask = 2147483647;
			files = (
				2F21D29A1EB9DC26000E0412 /* OrganizeStructureUITests.m in Sources */,
			);
			runOnlyForDeploymentPostprocessing = 0;
		};
/* End PBXSourcesBuildPhase section */

/* Begin PBXTargetDependency section */
		2F21D28C1EB9DC26000E0412 /* PBXTargetDependency */ = {
			isa = PBXTargetDependency;
			target = 2F21D2701EB9DC26000E0412 /* OrganizeStructure */;
			targetProxy = 2F21D28B1EB9DC26000E0412 /* PBXContainerItemProxy */;
		};
		2F21D2971EB9DC26000E0412 /* PBXTargetDependency */ = {
			isa = PBXTargetDependency;
			target = 2F21D2701EB9DC26000E0412 /* OrganizeStructure */;
			targetProxy = 2F21D2961EB9DC26000E0412 /* PBXContainerItemProxy */;
		};
/* End PBXTargetDependency section */

/* Begin PBXVariantGroup section */
		2F21D27D1EB9DC26000E0412 /* Main.storyboard */ = {
			isa = PBXVariantGroup;
			children = (
				2F21D27E1EB9DC26000E0412 /* Base */,
			);
			name = Main.storyboard;
			sourceTree = "<group>";
		};
		2F21D2821EB9DC26000E0412 /* LaunchScreen.storyboard */ = {
			isa = PBXVariantGroup;
			children = (
				2F21D2831EB9DC26000E0412 /* Base */,
			);
			name = LaunchScreen.storyboard;
			sourceTree = "<group>";
		};
/* End PBXVariantGroup section */

/* Begin XCBuildConfiguration section */
		2F21D29C1EB9DC26000E0412 /* Debug */ = {
			isa = XCBuildConfiguration;
			buildSettings = {
				ALWAYS_SEARCH_USER_PATHS = NO;
				CLANG_ANALYZER_NONNULL = YES;
				CLANG_ANALYZER_NUMBER_OBJECT_CONVERSION = YES_AGGRESSIVE;
				CLANG_CXX_LANGUAGE_STANDARD = "gnu++0x";
				CLANG_CXX_LIBRARY = "libc++";
				CLANG_ENABLE_MODULES = YES;
				CLANG_ENABLE_OBJC_ARC = YES;
				CLANG_WARN_BOOL_CONVERSION = YES;
				CLANG_WARN_CONSTANT_CONVERSION = YES;
				CLANG_WARN_DIRECT_OBJC_ISA_USAGE = YES_ERROR;
				CLANG_WARN_DOCUMENTATION_COMMENTS = YES;
				CLANG_WARN_EMPTY_BODY = YES;
				CLANG_WARN_ENUM_CONVERSION = YES;
				CLANG_WARN_INFINITE_RECURSION = YES;
				CLANG_WARN_INT_CONVERSION = YES;
				CLANG_WARN_OBJC_ROOT_CLASS = YES_ERROR;
				CLANG_WARN_SUSPICIOUS_MOVE = YES;
				CLANG_WARN_UNREACHABLE_CODE = YES;
				CLANG_WARN__DUPLICATE_METHOD_MATCH = YES;
				"CODE_SIGN_IDENTITY[sdk=iphoneos*]" = "iPhone Developer";
				COPY_PHASE_STRIP = NO;
				DEBUG_INFORMATION_FORMAT = dwarf;
				ENABLE_STRICT_OBJC_MSGSEND = YES;
				ENABLE_TESTABILITY = YES;
				GCC_C_LANGUAGE_STANDARD = gnu99;
				GCC_DYNAMIC_NO_PIC = NO;
				GCC_NO_COMMON_BLOCKS = YES;
				GCC_OPTIMIZATION_LEVEL = 0;
				GCC_PREPROCESSOR_DEFINITIONS = (
					"DEBUG=1",
					"$(inherited)",
				);
				GCC_WARN_64_TO_32_BIT_CONVERSION = YES;
				GCC_WARN_ABOUT_RETURN_TYPE = YES_ERROR;
				GCC_WARN_UNDECLARED_SELECTOR = YES;
				GCC_WARN_UNINITIALIZED_AUTOS = YES_AGGRESSIVE;
				GCC_WARN_UNUSED_FUNCTION = YES;
				GCC_WARN_UNUSED_VARIABLE = YES;
				IPHONEOS_DEPLOYMENT_TARGET = 10.3;
				MTL_ENABLE_DEBUG_INFO = YES;
				ONLY_ACTIVE_ARCH = YES;
				SDKROOT = iphoneos;
				TARGETED_DEVICE_FAMILY = "1,2";
			};
			name = Debug;
		};
		2F21D29D1EB9DC26000E0412 /* Release */ = {
			isa = XCBuildConfiguration;
			buildSettings = {
				ALWAYS_SEARCH_USER_PATHS = NO;
				CLANG_ANALYZER_NONNULL = YES;
				CLANG_ANALYZER_NUMBER_OBJECT_CONVERSION = YES_AGGRESSIVE;
				CLANG_CXX_LANGUAGE_STANDARD = "gnu++0x";
				CLANG_CXX_LIBRARY = "libc++";
				CLANG_ENABLE_MODULES = YES;
				CLANG_ENABLE_OBJC_ARC = YES;
				CLANG_WARN_BOOL_CONVERSION = YES;
				CLANG_WARN_CONSTANT_CONVERSION = YES;
				CLANG_WARN_DIRECT_OBJC_ISA_USAGE = YES_ERROR;
				CLANG_WARN_DOCUMENTATION_COMMENTS = YES;
				CLANG_WARN_EMPTY_BODY = YES;
				CLANG_WARN_ENUM_CONVERSION = YES;
				CLANG_WARN_INFINITE_RECURSION = YES;
				CLANG_WARN_INT_CONVERSION = YES;
				CLANG_WARN_OBJC_ROOT_CLASS = YES_ERROR;
				CLANG_WARN_SUSPICIOUS_MOVE = YES;
				CLANG_WARN_UNREACHABLE_CODE = YES;
				CLANG_WARN__DUPLICATE_METHOD_MATCH = YES;
				"CODE_SIGN_IDENTITY[sdk=iphoneos*]" = "iPhone Developer";
				COPY_PHASE_STRIP = NO;
				DEBUG_INFORMATION_FORMAT = "dwarf-with-dsym";
				ENABLE_NS_ASSERTIONS = NO;
				ENABLE_STRICT_OBJC_MSGSEND = YES;
				GCC_C_LANGUAGE_STANDARD = gnu99;
				GCC_NO_COMMON_BLOCKS = YES;
				GCC_WARN_64_TO_32_BIT_CONVERSION = YES;
				GCC_WARN_ABOUT_RETURN_TYPE = YES_ERROR;
				GCC_WARN_UNDECLARED_SELECTOR = YES;
				GCC_WARN_UNINITIALIZED_AUTOS = YES_AGGRESSIVE;
				GCC_WARN_UNUSED_FUNCTION = YES;
				GCC_WARN_UNUSED_VARIABLE = YES;
				IPHONEOS_DEPLOYMENT_TARGET = 10.3;
				MTL_ENABLE_DEBUG_INFO = NO;
				SDKROOT = iphoneos;
				TARGETED_DEVICE_FAMILY = "1,2";
				VALIDATE_PRODUCT = YES;
			};
			name = Release;
		};
		2F21D29F1EB9DC26000E0412 /* Debug */ = {
			isa = XCBuildConfiguration;
			buildSettings = {
				ASSETCATALOG_COMPILER_APPICON_NAME = AppIcon;
				DEVELOPMENT_TEAM = 6BQ4Q66M66;
				INFOPLIST_FILE = OrganizeStructure/Info.plist;
				LD_RUNPATH_SEARCH_PATHS = "$(inherited) @executable_path/Frameworks";
				PRODUCT_BUNDLE_IDENTIFIER = yang.OrganizeStructure;
				PRODUCT_NAME = "$(TARGET_NAME)";
			};
			name = Debug;
		};
		2F21D2A01EB9DC26000E0412 /* Release */ = {
			isa = XCBuildConfiguration;
			buildSettings = {
				ASSETCATALOG_COMPILER_APPICON_NAME = AppIcon;
				DEVELOPMENT_TEAM = 6BQ4Q66M66;
				INFOPLIST_FILE = OrganizeStructure/Info.plist;
				LD_RUNPATH_SEARCH_PATHS = "$(inherited) @executable_path/Frameworks";
				PRODUCT_BUNDLE_IDENTIFIER = yang.OrganizeStructure;
				PRODUCT_NAME = "$(TARGET_NAME)";
			};
			name = Release;
		};
		2F21D2A21EB9DC26000E0412 /* Debug */ = {
			isa = XCBuildConfiguration;
			buildSettings = {
				BUNDLE_LOADER = "$(TEST_HOST)";
				DEVELOPMENT_TEAM = 6BQ4Q66M66;
				INFOPLIST_FILE = OrganizeStructureTests/Info.plist;
				LD_RUNPATH_SEARCH_PATHS = "$(inherited) @executable_path/Frameworks @loader_path/Frameworks";
				PRODUCT_BUNDLE_IDENTIFIER = yang.OrganizeStructureTests;
				PRODUCT_NAME = "$(TARGET_NAME)";
				TEST_HOST = "$(BUILT_PRODUCTS_DIR)/OrganizeStructure.app/OrganizeStructure";
			};
			name = Debug;
		};
		2F21D2A31EB9DC26000E0412 /* Release */ = {
			isa = XCBuildConfiguration;
			buildSettings = {
				BUNDLE_LOADER = "$(TEST_HOST)";
				DEVELOPMENT_TEAM = 6BQ4Q66M66;
				INFOPLIST_FILE = OrganizeStructureTests/Info.plist;
				LD_RUNPATH_SEARCH_PATHS = "$(inherited) @executable_path/Frameworks @loader_path/Frameworks";
				PRODUCT_BUNDLE_IDENTIFIER = yang.OrganizeStructureTests;
				PRODUCT_NAME = "$(TARGET_NAME)";
				TEST_HOST = "$(BUILT_PRODUCTS_DIR)/OrganizeStructure.app/OrganizeStructure";
			};
			name = Release;
		};
		2F21D2A51EB9DC26000E0412 /* Debug */ = {
			isa = XCBuildConfiguration;
			buildSettings = {
				DEVELOPMENT_TEAM = 6BQ4Q66M66;
				INFOPLIST_FILE = OrganizeStructureUITests/Info.plist;
				LD_RUNPATH_SEARCH_PATHS = "$(inherited) @executable_path/Frameworks @loader_path/Frameworks";
				PRODUCT_BUNDLE_IDENTIFIER = yang.OrganizeStructureUITests;
				PRODUCT_NAME = "$(TARGET_NAME)";
				TEST_TARGET_NAME = OrganizeStructure;
			};
			name = Debug;
		};
		2F21D2A61EB9DC26000E0412 /* Release */ = {
			isa = XCBuildConfiguration;
			buildSettings = {
				DEVELOPMENT_TEAM = 6BQ4Q66M66;
				INFOPLIST_FILE = OrganizeStructureUITests/Info.plist;
				LD_RUNPATH_SEARCH_PATHS = "$(inherited) @executable_path/Frameworks @loader_path/Frameworks";
				PRODUCT_BUNDLE_IDENTIFIER = yang.OrganizeStructureUITests;
				PRODUCT_NAME = "$(TARGET_NAME)";
				TEST_TARGET_NAME = OrganizeStructure;
			};
			name = Release;
		};
/* End XCBuildConfiguration section */

/* Begin XCConfigurationList section */
		2F21D26C1EB9DC26000E0412 /* Build configuration list for PBXProject "OrganizeStructure" */ = {
			isa = XCConfigurationList;
			buildConfigurations = (
				2F21D29C1EB9DC26000E0412 /* Debug */,
				2F21D29D1EB9DC26000E0412 /* Release */,
			);
			defaultConfigurationIsVisible = 0;
			defaultConfigurationName = Release;
		};
		2F21D29E1EB9DC26000E0412 /* Build configuration list for PBXNativeTarget "OrganizeStructure" */ = {
			isa = XCConfigurationList;
			buildConfigurations = (
				2F21D29F1EB9DC26000E0412 /* Debug */,
				2F21D2A01EB9DC26000E0412 /* Release */,
			);
			defaultConfigurationIsVisible = 0;
		};
		2F21D2A11EB9DC26000E0412 /* Build configuration list for PBXNativeTarget "OrganizeStructureTests" */ = {
			isa = XCConfigurationList;
			buildConfigurations = (
				2F21D2A21EB9DC26000E0412 /* Debug */,
				2F21D2A31EB9DC26000E0412 /* Release */,
			);
			defaultConfigurationIsVisible = 0;
		};
		2F21D2A41EB9DC26000E0412 /* Build configuration list for PBXNativeTarget "OrganizeStructureUITests" */ = {
			isa = XCConfigurationList;
			buildConfigurations = (
				2F21D2A51EB9DC26000E0412 /* Debug */,
				2F21D2A61EB9DC26000E0412 /* Release */,
			);
			defaultConfigurationIsVisible = 0;
		};
/* End XCConfigurationList section */
	};
	rootObject = 2F21D2691EB9DC26000E0412 /* Project object */;
}
